
Microsoft Visual Studio Solution File, Format Version 12.00
# Visual Studio Version 16
VisualStudioVersion = 16.0.29215.179
MinimumVisualStudioVersion = 10.0.40219.1
Project("{FAE04EC0-301F-11D3-BF4B-00C04F79EFBC}") = "Enki", "Enki\Enki.csproj", "{B0FE69D3-4AA1-40E6-A3BB-77D5E634958D}"
EndProject
Project("{FAE04EC0-301F-11D3-BF4B-00C04F79EFBC}") = "Test", "Test\Test.csproj", "{F57E3FA1-26AB-46BB-9DAB-D306FC83E7F2}"
EndProject
Global
	GlobalSection(SolutionConfigurationPlatforms) = preSolution
		Debug|Any CPU = Debug|Any CPU
		Debug|x64 = Debug|x64
		Debug|x86 = Debug|x86
		Release|Any CPU = Release|Any CPU
		Release|x64 = Release|x64
		Release|x86 = Release|x86
	EndGlobalSection
	GlobalSection(ProjectConfigurationPlatforms) = postSolution
		{B0FE69D3-4AA1-40E6-A3BB-77D5E634958D}.Debug|Any CPU.ActiveCfg = Debug|Any CPU
		{B0FE69D3-4AA1-40E6-A3BB-77D5E634958D}.Debug|Any CPU.Build.0 = Debug|Any CPU
		{B0FE69D3-4AA1-40E6-A3BB-77D5E634958D}.Debug|x64.ActiveCfg = Debug|Any CPU
		{B0FE69D3-4AA1-40E6-A3BB-77D5E634958D}.Debug|x64.Build.0 = Debug|Any CPU
		{B0FE69D3-4AA1-40E6-A3BB-77D5E634958D}.Debug|x86.ActiveCfg = Debug|Any CPU
		{B0FE69D3-4AA1-40E6-A3BB-77D5E634958D}.Debug|x86.Build.0 = Debug|Any CPU
		{B0FE69D3-4AA1-40E6-A3BB-77D5E634958D}.Release|Any CPU.ActiveCfg = Release|Any CPU
		{B0FE69D3-4AA1-40E6-A3BB-77D5E634958D}.Release|Any CPU.Build.0 = Release|Any CPU
		{B0FE69D3-4AA1-40E6-A3BB-77D5E634958D}.Release|x64.ActiveCfg = Release|Any CPU
		{B0FE69D3-4AA1-40E6-A3BB-77D5E634958D}.Release|x64.Build.0 = Release|Any CPU
		{B0FE69D3-4AA1-40E6-A3BB-77D5E634958D}.Release|x86.ActiveCfg = Release|Any CPU
		{B0FE69D3-4AA1-40E6-A3BB-77D5E634958D}.Release|x86.Build.0 = Release|Any CPU
		{F57E3FA1-26AB-46BB-9DAB-D306FC83E7F2}.Debug|Any CPU.ActiveCfg = Debug|Any CPU
		{F57E3FA1-26AB-46BB-9DAB-D306FC83E7F2}.Debug|Any CPU.Build.0 = Debug|Any CPU
		{F57E3FA1-26AB-46BB-9DAB-D306FC83E7F2}.Debug|x64.ActiveCfg = Debug|Any CPU
		{F57E3FA1-26AB-46BB-9DAB-D306FC83E7F2}.Debug|x64.Build.0 = Debug|Any CPU
		{F57E3FA1-26AB-46BB-9DAB-D306FC83E7F2}.Debug|x86.ActiveCfg = Debug|Any CPU
		{F57E3FA1-26AB-46BB-9DAB-D306FC83E7F2}.Debug|x86.Build.0 = Debug|Any CPU
		{F57E3FA1-26AB-46BB-9DAB-D306FC83E7F2}.Release|Any CPU.ActiveCfg = Release|Any CPU
		{F57E3FA1-26AB-46BB-9DAB-D306FC83E7F2}.Release|Any CPU.Build.0 = Release|Any CPU
		{F57E3FA1-26AB-46BB-9DAB-D306FC83E7F2}.Release|x64.ActiveCfg = Release|Any CPU
		{F57E3FA1-26AB-46BB-9DAB-D306FC83E7F2}.Release|x64.Build.0 = Release|Any CPU
		{F57E3FA1-26AB-46BB-9DAB-D306FC83E7F2}.Release|x86.ActiveCfg = Release|Any CPU
		{F57E3FA1-26AB-46BB-9DAB-D306FC83E7F2}.Release|x86.Build.0 = Release|Any CPU
	EndGlobalSection
	GlobalSection(SolutionProperties) = preSolution
		HideSolutionNode = FALSE
	EndGlobalSection
	GlobalSection(ExtensibilityGlobals) = postSolution
		SolutionGuid = {2D212C10-BB77-4FF3-82E7-0C7116556B08}
	EndGlobalSection
EndGlobal
